
Microsoft Visual Studio Solution File, Format Version 12.00
# Visual Studio Version 17
VisualStudioVersion = 17.12.35527.113
MinimumVisualStudioVersion = 10.0.40219.1
Project("{FAE04EC0-301F-11D3-BF4B-00C04F79EFBC}") = "Proiect2", "Proiect2\Proiect2.csproj", "{131FF705-CC7C-4508-AD49-34ED13D34F70}"
EndProject
Project("{FAE04EC0-301F-11D3-BF4B-00C04F79EFBC}") = "LoggingLibrary", "LoggingLibrary\LoggingLibrary.csproj", "{8B704F27-EB79-45E1-92B4-AFE81E5C8A66}"
EndProject
Global
	GlobalSection(SolutionConfigurationPlatforms) = preSolution
		Debug|Any CPU = Debug|Any CPU
		Release|Any CPU = Release|Any CPU
	EndGlobalSection
	GlobalSection(ProjectConfigurationPlatforms) = postSolution
		{131FF705-CC7C-4508-AD49-34ED13D34F70}.Debug|Any CPU.ActiveCfg = Debug|Any CPU
		{131FF705-CC7C-4508-AD49-34ED13D34F70}.Debug|Any CPU.Build.0 = Debug|Any CPU
		{131FF705-CC7C-4508-AD49-34ED13D34F70}.Release|Any CPU.ActiveCfg = Release|Any CPU
		{131FF705-CC7C-4508-AD49-34ED13D34F70}.Release|Any CPU.Build.0 = Release|Any CPU
		{8B704F27-EB79-45E1-92B4-AFE81E5C8A66}.Debug|Any CPU.ActiveCfg = Debug|Any CPU
		{8B704F27-EB79-45E1-92B4-AFE81E5C8A66}.Debug|Any CPU.Build.0 = Debug|Any CPU
		{8B704F27-EB79-45E1-92B4-AFE81E5C8A66}.Release|Any CPU.ActiveCfg = Release|Any CPU
		{8B704F27-EB79-45E1-92B4-AFE81E5C8A66}.Release|Any CPU.Build.0 = Release|Any CPU
	EndGlobalSection
	GlobalSection(SolutionProperties) = preSolution
		HideSolutionNode = FALSE
	EndGlobalSection
EndGlobal
